{
  "version": 1,
  "dependencies": {
    ".NETFramework,Version=v4.8": {
      "Microsoft.NETFramework.ReferenceAssemblies": {
        "type": "Direct",
        "requested": "[1.0.3, )",
        "resolved": "1.0.3",
        "contentHash": "vUc9Npcs14QsyOD01tnv/m8sQUnGTGOw1BCmKcv77LBJY7OxhJ+zJF7UD/sCL3lYNFuqmQEVlkfS4Quif6FyYg==",
        "dependencies": {
          "Microsoft.NETFramework.ReferenceAssemblies.net48": "1.0.3"
        }
      },
      "Lib.Harmony": {
        "type": "Transitive",
        "resolved": "2.4.2",
        "contentHash": "D2X9ojVjqbqdqWVK3VQETrEb56yVoXxtEp6tP5UvW0PP+bA4uJiswqOxF8GhH02ECwyevUa9vwhwdLzyXfksbw=="
      },
      "Microsoft.NETFramework.ReferenceAssemblies.net48": {
        "type": "Transitive",
        "resolved": "1.0.3",
        "contentHash": "zMk4D+9zyiEWByyQ7oPImPN/Jhpj166Ky0Nlla4eXlNL8hI/BtSJsgR8Inldd4NNpIAH3oh8yym0W2DrhXdSLQ=="
      },
      "OVRSharp": {
        "type": "Transitive",
        "resolved": "1.2.0",
        "contentHash": "v0HBbR4VszMoobQupdtm+FaIeKHTsAodbJEcwEdzK5ogaPVH59CIFmY0RBBZfZDqoUHmhc7zl6EfN03VnViI0w==",
        "dependencies": {
          "System.Drawing.Common": "5.0.0",
          "System.Numerics.Vectors": "4.5.0"
        }
      },
      "System.Drawing.Common": {
        "type": "Transitive",
        "resolved": "6.0.0",
        "contentHash": "NfuoKUiP2nUWwKZN6twGqXioIe1zVD0RIj2t976A+czLHr2nY454RwwXs6JU9Htc6mwqL6Dn/nEL3dpVf2jOhg=="
      },
      "System.Numerics.Vectors": {
        "type": "Transitive",
        "resolved": "4.5.0",
        "contentHash": "QQTlPTl06J/iiDbJCiepZ4H//BVraReU4O4EoRw1U02H5TLUIT7xn3GnDp9AXPSlJUDyFs4uWjWafNX6WrAojQ=="
      },
      "spaceengineersvr": {
        "type": "Project",
        "dependencies": {
          "Lib.Harmony": "[2.4.2, )",
          "OVRSharp": "[1.2.0, )",
          "System.Drawing.Common": "[6.0.0, )"
        }
      }
    }
  }
}